// !$*UTF8*$!
{
	archiveVersion = 1;
	classes = {
	};
	objectVersion = 46;
	objects = {

/* Begin PBXBuildFile section */
		36A0C6BA670F66E11288D50F /* Pods_Smack.framework in Frameworks */ = {isa = PBXBuildFile; fileRef = 3430E3D2B1023428382B0A9D /* Pods_Smack.framework */; };
		5935E6111F51F017003911CB /* Constants.swift in Sources */ = {isa = PBXBuildFile; fileRef = 5935E6101F51F017003911CB /* Constants.swift */; };
		5935E6131F51F7E9003911CB /* LoginVC.swift in Sources */ = {isa = PBXBuildFile; fileRef = 5935E6121F51F7E9003911CB /* LoginVC.swift */; };
		5935E6151F51F957003911CB /* CreateAccountVC.swift in Sources */ = {isa = PBXBuildFile; fileRef = 5935E6141F51F957003911CB /* CreateAccountVC.swift */; };
		59690D1A1F6F03300001D975 /* UserDataService.swift in Sources */ = {isa = PBXBuildFile; fileRef = 59690D191F6F03300001D975 /* UserDataService.swift */; };
		59690D1C1F6F0ADF0001D975 /* AvatarPickerVC.swift in Sources */ = {isa = PBXBuildFile; fileRef = 59690D1B1F6F0ADF0001D975 /* AvatarPickerVC.swift */; };
		59690D1E1F6F22A80001D975 /* AvatarCell.swift in Sources */ = {isa = PBXBuildFile; fileRef = 59690D1D1F6F22A80001D975 /* AvatarCell.swift */; };
		59690D201F6F30060001D975 /* CircleImage.swift in Sources */ = {isa = PBXBuildFile; fileRef = 59690D1F1F6F30060001D975 /* CircleImage.swift */; };
		59794EF91F513CFD004A599E /* AppDelegate.swift in Sources */ = {isa = PBXBuildFile; fileRef = 59794EF81F513CFD004A599E /* AppDelegate.swift */; };
		59794EFE1F513CFD004A599E /* Main.storyboard in Resources */ = {isa = PBXBuildFile; fileRef = 59794EFC1F513CFD004A599E /* Main.storyboard */; };
		59794F001F513CFD004A599E /* Assets.xcassets in Resources */ = {isa = PBXBuildFile; fileRef = 59794EFF1F513CFD004A599E /* Assets.xcassets */; };
		59794F031F513CFD004A599E /* LaunchScreen.storyboard in Resources */ = {isa = PBXBuildFile; fileRef = 59794F011F513CFD004A599E /* LaunchScreen.storyboard */; };
		59794F0E1F5141EA004A599E /* SWRevealViewController.m in Sources */ = {isa = PBXBuildFile; fileRef = 59794F0D1F5141EA004A599E /* SWRevealViewController.m */; };
		59794F131F5143D3004A599E /* ChatVC.swift in Sources */ = {isa = PBXBuildFile; fileRef = 59794F121F5143D3004A599E /* ChatVC.swift */; };
		59794F151F5143E3004A599E /* ChannelVC.swift in Sources */ = {isa = PBXBuildFile; fileRef = 59794F141F5143E3004A599E /* ChannelVC.swift */; };
		59794F171F51482A004A599E /* GradientView.swift in Sources */ = {isa = PBXBuildFile; fileRef = 59794F161F51482A004A599E /* GradientView.swift */; };
		59B4E4DD1F5A930600BC7FB3 /* AuthService.swift in Sources */ = {isa = PBXBuildFile; fileRef = 59B4E4DC1F5A930600BC7FB3 /* AuthService.swift */; };
		59B4E4DF1F5A9A1500BC7FB3 /* RoundedButton.swift in Sources */ = {isa = PBXBuildFile; fileRef = 59B4E4DE1F5A9A1500BC7FB3 /* RoundedButton.swift */; };
/* End PBXBuildFile section */

/* Begin PBXFileReference section */
		3430E3D2B1023428382B0A9D /* Pods_Smack.framework */ = {isa = PBXFileReference; explicitFileType = wrapper.framework; includeInIndex = 0; path = Pods_Smack.framework; sourceTree = BUILT_PRODUCTS_DIR; };
		5935E6101F51F017003911CB /* Constants.swift */ = {isa = PBXFileReference; fileEncoding = 4; lastKnownFileType = sourcecode.swift; path = Constants.swift; sourceTree = "<group>"; };
		5935E6121F51F7E9003911CB /* LoginVC.swift */ = {isa = PBXFileReference; fileEncoding = 4; lastKnownFileType = sourcecode.swift; path = LoginVC.swift; sourceTree = "<group>"; };
		5935E6141F51F957003911CB /* CreateAccountVC.swift */ = {isa = PBXFileReference; fileEncoding = 4; lastKnownFileType = sourcecode.swift; path = CreateAccountVC.swift; sourceTree = "<group>"; };
		59690D191F6F03300001D975 /* UserDataService.swift */ = {isa = PBXFileReference; fileEncoding = 4; lastKnownFileType = sourcecode.swift; path = UserDataService.swift; sourceTree = "<group>"; };
		59690D1B1F6F0ADF0001D975 /* AvatarPickerVC.swift */ = {isa = PBXFileReference; fileEncoding = 4; lastKnownFileType = sourcecode.swift; path = AvatarPickerVC.swift; sourceTree = "<group>"; };
		59690D1D1F6F22A80001D975 /* AvatarCell.swift */ = {isa = PBXFileReference; fileEncoding = 4; lastKnownFileType = sourcecode.swift; path = AvatarCell.swift; sourceTree = "<group>"; };
		59690D1F1F6F30060001D975 /* CircleImage.swift */ = {isa = PBXFileReference; fileEncoding = 4; lastKnownFileType = sourcecode.swift; path = CircleImage.swift; sourceTree = "<group>"; };
		59794EF51F513CFD004A599E /* Smack.app */ = {isa = PBXFileReference; explicitFileType = wrapper.application; includeInIndex = 0; path = Smack.app; sourceTree = BUILT_PRODUCTS_DIR; };
		59794EF81F513CFD004A599E /* AppDelegate.swift */ = {isa = PBXFileReference; lastKnownFileType = sourcecode.swift; path = AppDelegate.swift; sourceTree = "<group>"; };
		59794EFD1F513CFD004A599E /* Base */ = {isa = PBXFileReference; lastKnownFileType = file.storyboard; name = Base; path = Base.lproj/Main.storyboard; sourceTree = "<group>"; };
		59794EFF1F513CFD004A599E /* Assets.xcassets */ = {isa = PBXFileReference; lastKnownFileType = folder.assetcatalog; path = Assets.xcassets; sourceTree = "<group>"; };
		59794F021F513CFD004A599E /* Base */ = {isa = PBXFileReference; lastKnownFileType = file.storyboard; name = Base; path = Base.lproj/LaunchScreen.storyboard; sourceTree = "<group>"; };
		59794F041F513CFD004A599E /* Info.plist */ = {isa = PBXFileReference; lastKnownFileType = text.plist.xml; path = Info.plist; sourceTree = "<group>"; };
		59794F0B1F5141E9004A599E /* Smack-Bridging-Header.h */ = {isa = PBXFileReference; lastKnownFileType = sourcecode.c.h; path = "Smack-Bridging-Header.h"; sourceTree = "<group>"; };
		59794F0C1F5141EA004A599E /* SWRevealViewController.h */ = {isa = PBXFileReference; fileEncoding = 4; lastKnownFileType = sourcecode.c.h; path = SWRevealViewController.h; sourceTree = "<group>"; };
		59794F0D1F5141EA004A599E /* SWRevealViewController.m */ = {isa = PBXFileReference; fileEncoding = 4; lastKnownFileType = sourcecode.c.objc; path = SWRevealViewController.m; sourceTree = "<group>"; };
		59794F121F5143D3004A599E /* ChatVC.swift */ = {isa = PBXFileReference; fileEncoding = 4; lastKnownFileType = sourcecode.swift; path = ChatVC.swift; sourceTree = "<group>"; };
		59794F141F5143E3004A599E /* ChannelVC.swift */ = {isa = PBXFileReference; fileEncoding = 4; lastKnownFileType = sourcecode.swift; path = ChannelVC.swift; sourceTree = "<group>"; };
		59794F161F51482A004A599E /* GradientView.swift */ = {isa = PBXFileReference; fileEncoding = 4; lastKnownFileType = sourcecode.swift; path = GradientView.swift; sourceTree = "<group>"; };
		59B4E4DC1F5A930600BC7FB3 /* AuthService.swift */ = {isa = PBXFileReference; fileEncoding = 4; lastKnownFileType = sourcecode.swift; path = AuthService.swift; sourceTree = "<group>"; };
		59B4E4DE1F5A9A1500BC7FB3 /* RoundedButton.swift */ = {isa = PBXFileReference; fileEncoding = 4; lastKnownFileType = sourcecode.swift; path = RoundedButton.swift; sourceTree = "<group>"; };
		80192889BF9F04D877C21110 /* Pods-Smack.release.xcconfig */ = {isa = PBXFileReference; includeInIndex = 1; lastKnownFileType = text.xcconfig; name = "Pods-Smack.release.xcconfig"; path = "Pods/Target Support Files/Pods-Smack/Pods-Smack.release.xcconfig"; sourceTree = "<group>"; };
		BB882F96634CDD039C663E34 /* Pods-Smack.debug.xcconfig */ = {isa = PBXFileReference; includeInIndex = 1; lastKnownFileType = text.xcconfig; name = "Pods-Smack.debug.xcconfig"; path = "Pods/Target Support Files/Pods-Smack/Pods-Smack.debug.xcconfig"; sourceTree = "<group>"; };
/* End PBXFileReference section */

/* Begin PBXFrameworksBuildPhase section */
		59794EF21F513CFD004A599E /* Frameworks */ = {
			isa = PBXFrameworksBuildPhase;
			buildActionMask = 2147483647;
			files = (
				36A0C6BA670F66E11288D50F /* Pods_Smack.framework in Frameworks */,
			);
			runOnlyForDeploymentPostprocessing = 0;
		};
/* End PBXFrameworksBuildPhase section */

/* Begin PBXGroup section */
		098E2F9363CF49D01D2838E4 /* Pods */ = {
			isa = PBXGroup;
			children = (
				BB882F96634CDD039C663E34 /* Pods-Smack.debug.xcconfig */,
				80192889BF9F04D877C21110 /* Pods-Smack.release.xcconfig */,
			);
			name = Pods;
			sourceTree = "<group>";
		};
		5935E60F1F51EFFB003911CB /* Utilities */ = {
			isa = PBXGroup;
			children = (
				5935E6101F51F017003911CB /* Constants.swift */,
			);
			name = Utilities;
			sourceTree = "<group>";
		};
		59794EEC1F513CFD004A599E = {
			isa = PBXGroup;
			children = (
				59794EF71F513CFD004A599E /* Smack */,
				59794EF61F513CFD004A599E /* Products */,
				098E2F9363CF49D01D2838E4 /* Pods */,
				F3A8C4C2A26E382D2E9B3740 /* Frameworks */,
			);
			sourceTree = "<group>";
		};
		59794EF61F513CFD004A599E /* Products */ = {
			isa = PBXGroup;
			children = (
				59794EF51F513CFD004A599E /* Smack.app */,
			);
			name = Products;
			sourceTree = "<group>";
		};
		59794EF71F513CFD004A599E /* Smack */ = {
			isa = PBXGroup;
			children = (
				59B4E4DB1F5A92F400BC7FB3 /* Services */,
				5935E60F1F51EFFB003911CB /* Utilities */,
				59794F111F5143B3004A599E /* Model */,
				59794F101F5143AC004A599E /* View */,
				59794F0F1F5143A1004A599E /* Controller */,
				59794F0A1F5141B5004A599E /* Supporting Files */,
				59794EF81F513CFD004A599E /* AppDelegate.swift */,
				59794EFC1F513CFD004A599E /* Main.storyboard */,
				59794EFF1F513CFD004A599E /* Assets.xcassets */,
				59794F011F513CFD004A599E /* LaunchScreen.storyboard */,
				59794F041F513CFD004A599E /* Info.plist */,
			);
			path = Smack;
			sourceTree = "<group>";
		};
		59794F0A1F5141B5004A599E /* Supporting Files */ = {
			isa = PBXGroup;
			children = (
				59794F0C1F5141EA004A599E /* SWRevealViewController.h */,
				59794F0D1F5141EA004A599E /* SWRevealViewController.m */,
				59794F0B1F5141E9004A599E /* Smack-Bridging-Header.h */,
			);
			name = "Supporting Files";
			path = ..;
			sourceTree = "<group>";
		};
		59794F0F1F5143A1004A599E /* Controller */ = {
			isa = PBXGroup;
			children = (
				59794F121F5143D3004A599E /* ChatVC.swift */,
				59794F141F5143E3004A599E /* ChannelVC.swift */,
				5935E6121F51F7E9003911CB /* LoginVC.swift */,
				5935E6141F51F957003911CB /* CreateAccountVC.swift */,
				59690D1B1F6F0ADF0001D975 /* AvatarPickerVC.swift */,
			);
			name = Controller;
			sourceTree = "<group>";
		};
		59794F101F5143AC004A599E /* View */ = {
			isa = PBXGroup;
			children = (
				59794F161F51482A004A599E /* GradientView.swift */,
				59B4E4DE1F5A9A1500BC7FB3 /* RoundedButton.swift */,
				59690D1D1F6F22A80001D975 /* AvatarCell.swift */,
				59690D1F1F6F30060001D975 /* CircleImage.swift */,
			);
			name = View;
			sourceTree = "<group>";
		};
		59794F111F5143B3004A599E /* Model */ = {
			isa = PBXGroup;
			children = (
			);
			name = Model;
			sourceTree = "<group>";
		};
		59B4E4DB1F5A92F400BC7FB3 /* Services */ = {
			isa = PBXGroup;
			children = (
				59B4E4DC1F5A930600BC7FB3 /* AuthService.swift */,
				59690D191F6F03300001D975 /* UserDataService.swift */,
			);
			name = Services;
			sourceTree = "<group>";
		};
		F3A8C4C2A26E382D2E9B3740 /* Frameworks */ = {
			isa = PBXGroup;
			children = (
				3430E3D2B1023428382B0A9D /* Pods_Smack.framework */,
			);
			name = Frameworks;
			sourceTree = "<group>";
		};
/* End PBXGroup section */

/* Begin PBXNativeTarget section */
		59794EF41F513CFD004A599E /* Smack */ = {
			isa = PBXNativeTarget;
			buildConfigurationList = 59794F071F513CFD004A599E /* Build configuration list for PBXNativeTarget "Smack" */;
			buildPhases = (
				BCF3B596764F3575FFBEBE23 /* [CP] Check Pods Manifest.lock */,
				59794EF11F513CFD004A599E /* Sources */,
				59794EF21F513CFD004A599E /* Frameworks */,
				59794EF31F513CFD004A599E /* Resources */,
				E216B869CC849DD021BC65AF /* [CP] Embed Pods Frameworks */,
				399307DBAF6D496BB33594C7 /* [CP] Copy Pods Resources */,
			);
			buildRules = (
			);
			dependencies = (
			);
			name = Smack;
			productName = Smack;
			productReference = 59794EF51F513CFD004A599E /* Smack.app */;
			productType = "com.apple.product-type.application";
		};
/* End PBXNativeTarget section */

/* Begin PBXProject section */
		59794EED1F513CFD004A599E /* Project object */ = {
			isa = PBXProject;
			attributes = {
				LastSwiftUpdateCheck = 0830;
				LastUpgradeCheck = 0830;
				ORGANIZATIONNAME = ddresearch;
				TargetAttributes = {
					59794EF41F513CFD004A599E = {
						CreatedOnToolsVersion = 8.3.3;
						DevelopmentTeam = Z95VW56SK2;
						LastSwiftMigration = 0830;
						ProvisioningStyle = Automatic;
					};
				};
			};
			buildConfigurationList = 59794EF01F513CFD004A599E /* Build configuration list for PBXProject "Smack" */;
			compatibilityVersion = "Xcode 3.2";
			developmentRegion = English;
			hasScannedForEncodings = 0;
			knownRegions = (
				en,
				Base,
			);
			mainGroup = 59794EEC1F513CFD004A599E;
			productRefGroup = 59794EF61F513CFD004A599E /* Products */;
			projectDirPath = "";
			projectRoot = "";
			targets = (
				59794EF41F513CFD004A599E /* Smack */,
			);
		};
/* End PBXProject section */

/* Begin PBXResourcesBuildPhase section */
		59794EF31F513CFD004A599E /* Resources */ = {
			isa = PBXResourcesBuildPhase;
			buildActionMask = 2147483647;
			files = (
				59794F031F513CFD004A599E /* LaunchScreen.storyboard in Resources */,
				59794F001F513CFD004A599E /* Assets.xcassets in Resources */,
				59794EFE1F513CFD004A599E /* Main.storyboard in Resources */,
			);
			runOnlyForDeploymentPostprocessing = 0;
		};
/* End PBXResourcesBuildPhase section */

/* Begin PBXShellScriptBuildPhase section */
		399307DBAF6D496BB33594C7 /* [CP] Copy Pods Resources */ = {
			isa = PBXShellScriptBuildPhase;
			buildActionMask = 2147483647;
			files = (
			);
			inputPaths = (
			);
			name = "[CP] Copy Pods Resources";
			outputPaths = (
			);
			runOnlyForDeploymentPostprocessing = 0;
			shellPath = /bin/sh;
			shellScript = "\"${SRCROOT}/Pods/Target Support Files/Pods-Smack/Pods-Smack-resources.sh\"\n";
			showEnvVarsInLog = 0;
		};
		BCF3B596764F3575FFBEBE23 /* [CP] Check Pods Manifest.lock */ = {
			isa = PBXShellScriptBuildPhase;
			buildActionMask = 2147483647;
			files = (
			);
			inputPaths = (
			);
			name = "[CP] Check Pods Manifest.lock";
			outputPaths = (
			);
			runOnlyForDeploymentPostprocessing = 0;
			shellPath = /bin/sh;
			shellScript = "diff \"${PODS_ROOT}/../Podfile.lock\" \"${PODS_ROOT}/Manifest.lock\" > /dev/null\nif [ $? != 0 ] ; then\n    # print error to STDERR\n    echo \"error: The sandbox is not in sync with the Podfile.lock. Run 'pod install' or update your CocoaPods installation.\" >&2\n    exit 1\nfi\n";
			showEnvVarsInLog = 0;
		};
		E216B869CC849DD021BC65AF /* [CP] Embed Pods Frameworks */ = {
			isa = PBXShellScriptBuildPhase;
			buildActionMask = 2147483647;
			files = (
			);
			inputPaths = (
			);
			name = "[CP] Embed Pods Frameworks";
			outputPaths = (
			);
			runOnlyForDeploymentPostprocessing = 0;
			shellPath = /bin/sh;
			shellScript = "\"${SRCROOT}/Pods/Target Support Files/Pods-Smack/Pods-Smack-frameworks.sh\"\n";
			showEnvVarsInLog = 0;
		};
/* End PBXShellScriptBuildPhase section */

/* Begin PBXSourcesBuildPhase section */
		59794EF11F513CFD004A599E /* Sources */ = {
			isa = PBXSourcesBuildPhase;
			buildActionMask = 2147483647;
			files = (
				59794F151F5143E3004A599E /* ChannelVC.swift in Sources */,
				59690D1C1F6F0ADF0001D975 /* AvatarPickerVC.swift in Sources */,
				59B4E4DF1F5A9A1500BC7FB3 /* RoundedButton.swift in Sources */,
				59690D201F6F30060001D975 /* CircleImage.swift in Sources */,
				59794F131F5143D3004A599E /* ChatVC.swift in Sources */,
				59690D1A1F6F03300001D975 /* UserDataService.swift in Sources */,
				5935E6151F51F957003911CB /* CreateAccountVC.swift in Sources */,
				59B4E4DD1F5A930600BC7FB3 /* AuthService.swift in Sources */,
				5935E6131F51F7E9003911CB /* LoginVC.swift in Sources */,
				59794F171F51482A004A599E /* GradientView.swift in Sources */,
				59690D1E1F6F22A80001D975 /* AvatarCell.swift in Sources */,
				59794EF91F513CFD004A599E /* AppDelegate.swift in Sources */,
				59794F0E1F5141EA004A599E /* SWRevealViewController.m in Sources */,
				5935E6111F51F017003911CB /* Constants.swift in Sources */,
			);
			runOnlyForDeploymentPostprocessing = 0;
		};
/* End PBXSourcesBuildPhase section */

/* Begin PBXVariantGroup section */
		59794EFC1F513CFD004A599E /* Main.storyboard */ = {
			isa = PBXVariantGroup;
			children = (
				59794EFD1F513CFD004A599E /* Base */,
			);
			name = Main.storyboard;
			sourceTree = "<group>";
		};
		59794F011F513CFD004A599E /* LaunchScreen.storyboard */ = {
			isa = PBXVariantGroup;
			children = (
				59794F021F513CFD004A599E /* Base */,
			);
			name = LaunchScreen.storyboard;
			sourceTree = "<group>";
		};
/* End PBXVariantGroup section */

/* Begin XCBuildConfiguration section */
		59794F051F513CFD004A599E /* Debug */ = {
			isa = XCBuildConfiguration;
			buildSettings = {
				ALWAYS_SEARCH_USER_PATHS = NO;
				CLANG_ANALYZER_NONNULL = YES;
				CLANG_ANALYZER_NUMBER_OBJECT_CONVERSION = YES_AGGRESSIVE;
				CLANG_CXX_LANGUAGE_STANDARD = "gnu++0x";
				CLANG_CXX_LIBRARY = "libc++";
				CLANG_ENABLE_MODULES = YES;
				CLANG_ENABLE_OBJC_ARC = YES;
				CLANG_WARN_BOOL_CONVERSION = YES;
				CLANG_WARN_CONSTANT_CONVERSION = YES;
				CLANG_WARN_DIRECT_OBJC_ISA_USAGE = YES_ERROR;
				CLANG_WARN_DOCUMENTATION_COMMENTS = YES;
				CLANG_WARN_EMPTY_BODY = YES;
				CLANG_WARN_ENUM_CONVERSION = YES;
				CLANG_WARN_INFINITE_RECURSION = YES;
				CLANG_WARN_INT_CONVERSION = YES;
				CLANG_WARN_OBJC_ROOT_CLASS = YES_ERROR;
				CLANG_WARN_SUSPICIOUS_MOVE = YES;
				CLANG_WARN_UNREACHABLE_CODE = YES;
				CLANG_WARN__DUPLICATE_METHOD_MATCH = YES;
				"CODE_SIGN_IDENTITY[sdk=iphoneos*]" = "iPhone Developer";
				COPY_PHASE_STRIP = NO;
				DEBUG_INFORMATION_FORMAT = dwarf;
				ENABLE_STRICT_OBJC_MSGSEND = YES;
				ENABLE_TESTABILITY = YES;
				GCC_C_LANGUAGE_STANDARD = gnu99;
				GCC_DYNAMIC_NO_PIC = NO;
				GCC_NO_COMMON_BLOCKS = YES;
				GCC_OPTIMIZATION_LEVEL = 0;
				GCC_PREPROCESSOR_DEFINITIONS = (
					"DEBUG=1",
					"$(inherited)",
				);
				GCC_WARN_64_TO_32_BIT_CONVERSION = YES;
				GCC_WARN_ABOUT_RETURN_TYPE = YES_ERROR;
				GCC_WARN_UNDECLARED_SELECTOR = YES;
				GCC_WARN_UNINITIALIZED_AUTOS = YES_AGGRESSIVE;
				GCC_WARN_UNUSED_FUNCTION = YES;
				GCC_WARN_UNUSED_VARIABLE = YES;
				IPHONEOS_DEPLOYMENT_TARGET = 10.3;
				MTL_ENABLE_DEBUG_INFO = YES;
				ONLY_ACTIVE_ARCH = YES;
				SDKROOT = iphoneos;
				SWIFT_ACTIVE_COMPILATION_CONDITIONS = DEBUG;
				SWIFT_OPTIMIZATION_LEVEL = "-Onone";
				TARGETED_DEVICE_FAMILY = "1,2";
			};
			name = Debug;
		};
		59794F061F513CFD004A599E /* Release */ = {
			isa = XCBuildConfiguration;
			buildSettings = {
				ALWAYS_SEARCH_USER_PATHS = NO;
				CLANG_ANALYZER_NONNULL = YES;
				CLANG_ANALYZER_NUMBER_OBJECT_CONVERSION = YES_AGGRESSIVE;
				CLANG_CXX_LANGUAGE_STANDARD = "gnu++0x";
				CLANG_CXX_LIBRARY = "libc++";
				CLANG_ENABLE_MODULES = YES;
				CLANG_ENABLE_OBJC_ARC = YES;
				CLANG_WARN_BOOL_CONVERSION = YES;
				CLANG_WARN_CONSTANT_CONVERSION = YES;
				CLANG_WARN_DIRECT_OBJC_ISA_USAGE = YES_ERROR;
				CLANG_WARN_DOCUMENTATION_COMMENTS = YES;
				CLANG_WARN_EMPTY_BODY = YES;
				CLANG_WARN_ENUM_CONVERSION = YES;
				CLANG_WARN_INFINITE_RECURSION = YES;
				CLANG_WARN_INT_CONVERSION = YES;
				CLANG_WARN_OBJC_ROOT_CLASS = YES_ERROR;
				CLANG_WARN_SUSPICIOUS_MOVE = YES;
				CLANG_WARN_UNREACHABLE_CODE = YES;
				CLANG_WARN__DUPLICATE_METHOD_MATCH = YES;
				"CODE_SIGN_IDENTITY[sdk=iphoneos*]" = "iPhone Developer";
				COPY_PHASE_STRIP = NO;
				DEBUG_INFORMATION_FORMAT = "dwarf-with-dsym";
				ENABLE_NS_ASSERTIONS = NO;
				ENABLE_STRICT_OBJC_MSGSEND = YES;
				GCC_C_LANGUAGE_STANDARD = gnu99;
				GCC_NO_COMMON_BLOCKS = YES;
				GCC_WARN_64_TO_32_BIT_CONVERSION = YES;
				GCC_WARN_ABOUT_RETURN_TYPE = YES_ERROR;
				GCC_WARN_UNDECLARED_SELECTOR = YES;
				GCC_WARN_UNINITIALIZED_AUTOS = YES_AGGRESSIVE;
				GCC_WARN_UNUSED_FUNCTION = YES;
				GCC_WARN_UNUSED_VARIABLE = YES;
				IPHONEOS_DEPLOYMENT_TARGET = 10.3;
				MTL_ENABLE_DEBUG_INFO = NO;
				SDKROOT = iphoneos;
				SWIFT_OPTIMIZATION_LEVEL = "-Owholemodule";
				TARGETED_DEVICE_FAMILY = "1,2";
				VALIDATE_PRODUCT = YES;
			};
			name = Release;
		};
		59794F081F513CFD004A599E /* Debug */ = {
			isa = XCBuildConfiguration;
			baseConfigurationReference = BB882F96634CDD039C663E34 /* Pods-Smack.debug.xcconfig */;
			buildSettings = {
				ASSETCATALOG_COMPILER_APPICON_NAME = AppIcon;
				CLANG_ENABLE_MODULES = YES;
				DEVELOPMENT_TEAM = Z95VW56SK2;
				INFOPLIST_FILE = Smack/Info.plist;
				LD_RUNPATH_SEARCH_PATHS = "$(inherited) @executable_path/Frameworks";
				PRODUCT_BUNDLE_IDENTIFIER = com.ddresearch.Smack;
				PRODUCT_NAME = "$(TARGET_NAME)";
				SWIFT_OBJC_BRIDGING_HEADER = "Smack-Bridging-Header.h";
				SWIFT_OPTIMIZATION_LEVEL = "-Onone";
				SWIFT_VERSION = 3.0;
			};
			name = Debug;
		};
		59794F091F513CFD004A599E /* Release */ = {
			isa = XCBuildConfiguration;
			baseConfigurationReference = 80192889BF9F04D877C21110 /* Pods-Smack.release.xcconfig */;
			buildSettings = {
				ASSETCATALOG_COMPILER_APPICON_NAME = AppIcon;
				CLANG_ENABLE_MODULES = YES;
				DEVELOPMENT_TEAM = Z95VW56SK2;
				INFOPLIST_FILE = Smack/Info.plist;
				LD_RUNPATH_SEARCH_PATHS = "$(inherited) @executable_path/Frameworks";
				PRODUCT_BUNDLE_IDENTIFIER = com.ddresearch.Smack;
				PRODUCT_NAME = "$(TARGET_NAME)";
				SWIFT_OBJC_BRIDGING_HEADER = "Smack-Bridging-Header.h";
				SWIFT_VERSION = 3.0;
			};
			name = Release;
		};
/* End XCBuildConfiguration section */

/* Begin XCConfigurationList section */
		59794EF01F513CFD004A599E /* Build configuration list for PBXProject "Smack" */ = {
			isa = XCConfigurationList;
			buildConfigurations = (
				59794F051F513CFD004A599E /* Debug */,
				59794F061F513CFD004A599E /* Release */,
			);
			defaultConfigurationIsVisible = 0;
			defaultConfigurationName = Release;
		};
		59794F071F513CFD004A599E /* Build configuration list for PBXNativeTarget "Smack" */ = {
			isa = XCConfigurationList;
			buildConfigurations = (
				59794F081F513CFD004A599E /* Debug */,
				59794F091F513CFD004A599E /* Release */,
			);
			defaultConfigurationIsVisible = 0;
			defaultConfigurationName = Release;
		};
/* End XCConfigurationList section */
	};
	rootObject = 59794EED1F513CFD004A599E /* Project object */;
}
